
Microsoft Visual Studio Solution File, Format Version 12.00
# Visual Studio Version 17
VisualStudioVersion = 17.8.34322.80
MinimumVisualStudioVersion = 10.0.40219.1
Project("{FAE04EC0-301F-11D3-BF4B-00C04F79EFBC}") = "CSharpLearning", "CSharpLearning\CSharpLearning.csproj", "{95F901C2-9BD8-4899-91E4-C68CC7C732F6}"
EndProject
Global
	GlobalSection(SolutionConfigurationPlatforms) = preSolution
		Debug|Any CPU = Debug|Any CPU
		Release|Any CPU = Release|Any CPU
	EndGlobalSection
	GlobalSection(ProjectConfigurationPlatforms) = postSolution
		{95F901C2-9BD8-4899-91E4-C68CC7C732F6}.Debug|Any CPU.ActiveCfg = Debug|Any CPU
		{95F901C2-9BD8-4899-91E4-C68CC7C732F6}.Debug|Any CPU.Build.0 = Debug|Any CPU
		{95F901C2-9BD8-4899-91E4-C68CC7C732F6}.Release|Any CPU.ActiveCfg = Release|Any CPU
		{95F901C2-9BD8-4899-91E4-C68CC7C732F6}.Release|Any CPU.Build.0 = Release|Any CPU
	EndGlobalSection
	GlobalSection(SolutionProperties) = preSolution
		HideSolutionNode = FALSE
	EndGlobalSection
	GlobalSection(ExtensibilityGlobals) = postSolution
		SolutionGuid = {AFC7A3B9-6274-40C8-914C-11982BFD5AE6}
	EndGlobalSection
EndGlobal
